
Microsoft Visual Studio Solution File, Format Version 12.00
# Visual Studio 2012
Project("{FAE04EC0-301F-11D3-BF4B-00C04F79EFBC}") = "Quanlykhambenh_BVYHCT", "Quanlykhambenh_BVYHCT\Quanlykhambenh_BVYHCT.csproj", "{EE7C291F-5175-46C8-8610-1BDD75D67AAF}"
EndProject
Project("{FAE04EC0-301F-11D3-BF4B-00C04F79EFBC}") = "Entities", "Entities\Entities.csproj", "{B3F543A9-620D-4F79-AF13-7518B378B3EA}"
EndProject
Project("{FAE04EC0-301F-11D3-BF4B-00C04F79EFBC}") = "BUS", "BUS\BUS.csproj", "{261C3BFF-E676-480E-B9CE-605422BCE467}"
EndProject
Project("{FAE04EC0-301F-11D3-BF4B-00C04F79EFBC}") = "ADL", "ADL\ADL.csproj", "{71D91454-2BB3-4D99-A443-B887EEA95C68}"
EndProject
Global
	GlobalSection(SolutionConfigurationPlatforms) = preSolution
		Debug|Any CPU = Debug|Any CPU
		Release|Any CPU = Release|Any CPU
	EndGlobalSection
	GlobalSection(ProjectConfigurationPlatforms) = postSolution
		{EE7C291F-5175-46C8-8610-1BDD75D67AAF}.Debug|Any CPU.ActiveCfg = Debug|Any CPU
		{EE7C291F-5175-46C8-8610-1BDD75D67AAF}.Debug|Any CPU.Build.0 = Debug|Any CPU
		{EE7C291F-5175-46C8-8610-1BDD75D67AAF}.Release|Any CPU.ActiveCfg = Release|Any CPU
		{EE7C291F-5175-46C8-8610-1BDD75D67AAF}.Release|Any CPU.Build.0 = Release|Any CPU
		{B3F543A9-620D-4F79-AF13-7518B378B3EA}.Debug|Any CPU.ActiveCfg = Debug|Any CPU
		{B3F543A9-620D-4F79-AF13-7518B378B3EA}.Debug|Any CPU.Build.0 = Debug|Any CPU
		{B3F543A9-620D-4F79-AF13-7518B378B3EA}.Release|Any CPU.ActiveCfg = Release|Any CPU
		{B3F543A9-620D-4F79-AF13-7518B378B3EA}.Release|Any CPU.Build.0 = Release|Any CPU
		{261C3BFF-E676-480E-B9CE-605422BCE467}.Debug|Any CPU.ActiveCfg = Debug|Any CPU
		{261C3BFF-E676-480E-B9CE-605422BCE467}.Debug|Any CPU.Build.0 = Debug|Any CPU
		{261C3BFF-E676-480E-B9CE-605422BCE467}.Release|Any CPU.ActiveCfg = Release|Any CPU
		{261C3BFF-E676-480E-B9CE-605422BCE467}.Release|Any CPU.Build.0 = Release|Any CPU
		{71D91454-2BB3-4D99-A443-B887EEA95C68}.Debug|Any CPU.ActiveCfg = Debug|Any CPU
		{71D91454-2BB3-4D99-A443-B887EEA95C68}.Debug|Any CPU.Build.0 = Debug|Any CPU
		{71D91454-2BB3-4D99-A443-B887EEA95C68}.Release|Any CPU.ActiveCfg = Release|Any CPU
		{71D91454-2BB3-4D99-A443-B887EEA95C68}.Release|Any CPU.Build.0 = Release|Any CPU
	EndGlobalSection
	GlobalSection(SolutionProperties) = preSolution
		HideSolutionNode = FALSE
	EndGlobalSection
EndGlobal
