
Microsoft Visual Studio Solution File, Format Version 12.00
# Visual Studio 2012
Project("{FAE04EC0-301F-11D3-BF4B-00C04F79EFBC}") = "Quanlybenhvien", "Quanlybenhvien\Quanlybenhvien.csproj", "{DA64679E-58C1-4D12-8F08-9AC3D36961C6}"
EndProject
Project("{FAE04EC0-301F-11D3-BF4B-00C04F79EFBC}") = "Entities", "Entities\Entities.csproj", "{556E59A5-5E2C-4D6A-AED5-9D712335767A}"
EndProject
Project("{FAE04EC0-301F-11D3-BF4B-00C04F79EFBC}") = "DAL", "DAL\DAL.csproj", "{830CB4EE-BE37-4904-8190-5DD14C565B7D}"
EndProject
Project("{FAE04EC0-301F-11D3-BF4B-00C04F79EFBC}") = "BUS", "BUS\BUS.csproj", "{F8D94EA4-6F3A-4712-A724-3BFC267125EC}"
EndProject
Global
	GlobalSection(SolutionConfigurationPlatforms) = preSolution
		CD_ROM|Any CPU = CD_ROM|Any CPU
		Debug|Any CPU = Debug|Any CPU
		DVD-5|Any CPU = DVD-5|Any CPU
		Release|Any CPU = Release|Any CPU
		SingleImage|Any CPU = SingleImage|Any CPU
	EndGlobalSection
	GlobalSection(ProjectConfigurationPlatforms) = postSolution
		{DA64679E-58C1-4D12-8F08-9AC3D36961C6}.CD_ROM|Any CPU.ActiveCfg = Release|Any CPU
		{DA64679E-58C1-4D12-8F08-9AC3D36961C6}.CD_ROM|Any CPU.Build.0 = Release|Any CPU
		{DA64679E-58C1-4D12-8F08-9AC3D36961C6}.Debug|Any CPU.ActiveCfg = Debug|Any CPU
		{DA64679E-58C1-4D12-8F08-9AC3D36961C6}.Debug|Any CPU.Build.0 = Debug|Any CPU
		{DA64679E-58C1-4D12-8F08-9AC3D36961C6}.DVD-5|Any CPU.ActiveCfg = Debug|Any CPU
		{DA64679E-58C1-4D12-8F08-9AC3D36961C6}.DVD-5|Any CPU.Build.0 = Debug|Any CPU
		{DA64679E-58C1-4D12-8F08-9AC3D36961C6}.Release|Any CPU.ActiveCfg = Release|Any CPU
		{DA64679E-58C1-4D12-8F08-9AC3D36961C6}.Release|Any CPU.Build.0 = Release|Any CPU
		{DA64679E-58C1-4D12-8F08-9AC3D36961C6}.SingleImage|Any CPU.ActiveCfg = Release|Any CPU
		{DA64679E-58C1-4D12-8F08-9AC3D36961C6}.SingleImage|Any CPU.Build.0 = Release|Any CPU
		{556E59A5-5E2C-4D6A-AED5-9D712335767A}.CD_ROM|Any CPU.ActiveCfg = Release|Any CPU
		{556E59A5-5E2C-4D6A-AED5-9D712335767A}.CD_ROM|Any CPU.Build.0 = Release|Any CPU
		{556E59A5-5E2C-4D6A-AED5-9D712335767A}.Debug|Any CPU.ActiveCfg = Debug|Any CPU
		{556E59A5-5E2C-4D6A-AED5-9D712335767A}.Debug|Any CPU.Build.0 = Debug|Any CPU
		{556E59A5-5E2C-4D6A-AED5-9D712335767A}.DVD-5|Any CPU.ActiveCfg = Debug|Any CPU
		{556E59A5-5E2C-4D6A-AED5-9D712335767A}.DVD-5|Any CPU.Build.0 = Debug|Any CPU
		{556E59A5-5E2C-4D6A-AED5-9D712335767A}.Release|Any CPU.ActiveCfg = Release|Any CPU
		{556E59A5-5E2C-4D6A-AED5-9D712335767A}.Release|Any CPU.Build.0 = Release|Any CPU
		{556E59A5-5E2C-4D6A-AED5-9D712335767A}.SingleImage|Any CPU.ActiveCfg = Release|Any CPU
		{556E59A5-5E2C-4D6A-AED5-9D712335767A}.SingleImage|Any CPU.Build.0 = Release|Any CPU
		{830CB4EE-BE37-4904-8190-5DD14C565B7D}.CD_ROM|Any CPU.ActiveCfg = Release|Any CPU
		{830CB4EE-BE37-4904-8190-5DD14C565B7D}.CD_ROM|Any CPU.Build.0 = Release|Any CPU
		{830CB4EE-BE37-4904-8190-5DD14C565B7D}.Debug|Any CPU.ActiveCfg = Debug|Any CPU
		{830CB4EE-BE37-4904-8190-5DD14C565B7D}.Debug|Any CPU.Build.0 = Debug|Any CPU
		{830CB4EE-BE37-4904-8190-5DD14C565B7D}.DVD-5|Any CPU.ActiveCfg = Debug|Any CPU
		{830CB4EE-BE37-4904-8190-5DD14C565B7D}.DVD-5|Any CPU.Build.0 = Debug|Any CPU
		{830CB4EE-BE37-4904-8190-5DD14C565B7D}.Release|Any CPU.ActiveCfg = Release|Any CPU
		{830CB4EE-BE37-4904-8190-5DD14C565B7D}.Release|Any CPU.Build.0 = Release|Any CPU
		{830CB4EE-BE37-4904-8190-5DD14C565B7D}.SingleImage|Any CPU.ActiveCfg = Release|Any CPU
		{830CB4EE-BE37-4904-8190-5DD14C565B7D}.SingleImage|Any CPU.Build.0 = Release|Any CPU
		{F8D94EA4-6F3A-4712-A724-3BFC267125EC}.CD_ROM|Any CPU.ActiveCfg = Release|Any CPU
		{F8D94EA4-6F3A-4712-A724-3BFC267125EC}.CD_ROM|Any CPU.Build.0 = Release|Any CPU
		{F8D94EA4-6F3A-4712-A724-3BFC267125EC}.Debug|Any CPU.ActiveCfg = Debug|Any CPU
		{F8D94EA4-6F3A-4712-A724-3BFC267125EC}.Debug|Any CPU.Build.0 = Debug|Any CPU
		{F8D94EA4-6F3A-4712-A724-3BFC267125EC}.DVD-5|Any CPU.ActiveCfg = Debug|Any CPU
		{F8D94EA4-6F3A-4712-A724-3BFC267125EC}.DVD-5|Any CPU.Build.0 = Debug|Any CPU
		{F8D94EA4-6F3A-4712-A724-3BFC267125EC}.Release|Any CPU.ActiveCfg = Release|Any CPU
		{F8D94EA4-6F3A-4712-A724-3BFC267125EC}.Release|Any CPU.Build.0 = Release|Any CPU
		{F8D94EA4-6F3A-4712-A724-3BFC267125EC}.SingleImage|Any CPU.ActiveCfg = Release|Any CPU
		{F8D94EA4-6F3A-4712-A724-3BFC267125EC}.SingleImage|Any CPU.Build.0 = Release|Any CPU
	EndGlobalSection
	GlobalSection(SolutionProperties) = preSolution
		HideSolutionNode = FALSE
	EndGlobalSection
EndGlobal
